
Microsoft Visual Studio Solution File, Format Version 12.00
# Visual Studio 2012
Project("{8BC9CEB8-8B4A-11D0-8D11-00A0C91BC942}") = "eX", "eX.vcxproj", "{344C8799-CE11-4B0E-8874-2CFE5AED5A00}"
EndProject
Project("{8BC9CEB8-8B4A-11D0-8D11-00A0C91BC942}") = "unitest", "unitest\unitest\unitest.vcxproj", "{FF5228FA-D61E-427B-A9F9-2AEAA17C8713}"
EndProject
Global
	GlobalSection(SolutionConfigurationPlatforms) = preSolution
		Debug_DLL|Win32 = Debug_DLL|Win32
		Debug_LIB|Win32 = Debug_LIB|Win32
		Debug|Win32 = Debug|Win32
		Release_DLL|Win32 = Release_DLL|Win32
		Release_LIB|Win32 = Release_LIB|Win32
		Release|Win32 = Release|Win32
	EndGlobalSection
	GlobalSection(ProjectConfigurationPlatforms) = postSolution
		{344C8799-CE11-4B0E-8874-2CFE5AED5A00}.Debug_DLL|Win32.ActiveCfg = Debug_DLL|Win32
		{344C8799-CE11-4B0E-8874-2CFE5AED5A00}.Debug_DLL|Win32.Build.0 = Debug_DLL|Win32
		{344C8799-CE11-4B0E-8874-2CFE5AED5A00}.Debug_LIB|Win32.ActiveCfg = Debug_LIB|Win32
		{344C8799-CE11-4B0E-8874-2CFE5AED5A00}.Debug_LIB|Win32.Build.0 = Debug_LIB|Win32
		{344C8799-CE11-4B0E-8874-2CFE5AED5A00}.Debug|Win32.ActiveCfg = Debug_LIB|Win32
		{344C8799-CE11-4B0E-8874-2CFE5AED5A00}.Debug|Win32.Build.0 = Debug_LIB|Win32
		{344C8799-CE11-4B0E-8874-2CFE5AED5A00}.Release_DLL|Win32.ActiveCfg = Release_DLL|Win32
		{344C8799-CE11-4B0E-8874-2CFE5AED5A00}.Release_DLL|Win32.Build.0 = Release_DLL|Win32
		{344C8799-CE11-4B0E-8874-2CFE5AED5A00}.Release_LIB|Win32.ActiveCfg = Release_LIB|Win32
		{344C8799-CE11-4B0E-8874-2CFE5AED5A00}.Release_LIB|Win32.Build.0 = Release_LIB|Win32
		{344C8799-CE11-4B0E-8874-2CFE5AED5A00}.Release|Win32.ActiveCfg = Release_LIB|Win32
		{344C8799-CE11-4B0E-8874-2CFE5AED5A00}.Release|Win32.Build.0 = Release_LIB|Win32
		{FF5228FA-D61E-427B-A9F9-2AEAA17C8713}.Debug_DLL|Win32.ActiveCfg = Debug|Win32
		{FF5228FA-D61E-427B-A9F9-2AEAA17C8713}.Debug_DLL|Win32.Build.0 = Debug|Win32
		{FF5228FA-D61E-427B-A9F9-2AEAA17C8713}.Debug_LIB|Win32.ActiveCfg = Debug|Win32
		{FF5228FA-D61E-427B-A9F9-2AEAA17C8713}.Debug_LIB|Win32.Build.0 = Debug|Win32
		{FF5228FA-D61E-427B-A9F9-2AEAA17C8713}.Debug|Win32.ActiveCfg = Debug|Win32
		{FF5228FA-D61E-427B-A9F9-2AEAA17C8713}.Debug|Win32.Build.0 = Debug|Win32
		{FF5228FA-D61E-427B-A9F9-2AEAA17C8713}.Release_DLL|Win32.ActiveCfg = Release|Win32
		{FF5228FA-D61E-427B-A9F9-2AEAA17C8713}.Release_DLL|Win32.Build.0 = Release|Win32
		{FF5228FA-D61E-427B-A9F9-2AEAA17C8713}.Release_LIB|Win32.ActiveCfg = Release|Win32
		{FF5228FA-D61E-427B-A9F9-2AEAA17C8713}.Release_LIB|Win32.Build.0 = Release|Win32
		{FF5228FA-D61E-427B-A9F9-2AEAA17C8713}.Release|Win32.ActiveCfg = Release|Win32
		{FF5228FA-D61E-427B-A9F9-2AEAA17C8713}.Release|Win32.Build.0 = Release|Win32
	EndGlobalSection
	GlobalSection(SolutionProperties) = preSolution
		HideSolutionNode = FALSE
	EndGlobalSection
EndGlobal
